
Microsoft Visual Studio Solution File, Format Version 12.00
# Visual Studio Version 17
VisualStudioVersion = 17.1.31911.260
MinimumVisualStudioVersion = 10.0.40219.1
Project("{2150E333-8FDC-42A3-9474-1A3956D46DE8}") = "00. Solution Items", "00. Solution Items", "{20EC2171-363D-4DDE-827F-F56D4FE9ADF3}"
	ProjectSection(SolutionItems) = preProject
		.editorconfig = .editorconfig
		.gitignore = .gitignore
		AssemblyInfo.cs = AssemblyInfo.cs
		..\codecov.yml = ..\codecov.yml
		Directory.Build.props = Directory.Build.props
		Dockerfile = Dockerfile
		..\LICENSE = ..\LICENSE
		..\README.md = ..\README.md
	EndProjectSection
EndProject

Project("{2150E333-8FDC-42A3-9474-1A3956D46DE8}") = ".github", ".github", "{3CA153F4-1172-4AF5-B483-94200717AB5C}"
	ProjectSection(SolutionItems) = preProject
		..\.github\CODEOWNERS = ..\.github\CODEOWNERS
		..\.github\dependabot.yml = ..\.github\dependabot.yml
		..\.github\pull_request_template.md = ..\.github\pull_request_template.md
	EndProjectSection
EndProject
Project("{2150E333-8FDC-42A3-9474-1A3956D46DE8}") = "workflows", "workflows", "{9EF190B3-41E2-48E1-BA4E-E129589DD250}"
	ProjectSection(SolutionItems) = preProject
		..\.github\workflows\build.yml = ..\.github\workflows\build.yml
		..\.github\workflows\codeql.yml = ..\.github\workflows\codeql.yml
		..\.github\workflows\deploy_staging.yml = ..\.github\workflows\deploy_staging.yml
		..\.github\workflows\publish.yml = ..\.github\workflows\publish.yml
	EndProjectSection
EndProject

Project("{2150E333-8FDC-42A3-9474-1A3956D46DE8}") = "templates", "templates", "{3F7A2982-4F0B-45F9-9FCA-923D5A7A1511}"
	ProjectSection(SolutionItems) = preProject
		..\templates\azuredeploy.json = ..\templates\azuredeploy.json
		..\templates\azuredeployUI.json = ..\templates\azuredeployUI.json
		..\templates\portalDeployWithLoRa.json = ..\templates\portalDeployWithLoRa.json
		..\templates\portalDeployWithoutLoRa.json = ..\templates\portalDeployWithoutLoRa.json
	EndProjectSection
EndProject
Project("{2150E333-8FDC-42A3-9474-1A3956D46DE8}") = "ISSUE_TEMPLATES", "ISSUE_TEMPLATES", "{4B89F192-EA33-4121-9809-D99621C40F3B}"
	ProjectSection(SolutionItems) = preProject
		..\.github\ISSUE_TEMPLATE\bug.md = ..\.github\ISSUE_TEMPLATE\bug.md
		..\.github\ISSUE_TEMPLATE\feature_request.md = ..\.github\ISSUE_TEMPLATE\feature_request.md
		..\.github\ISSUE_TEMPLATE\task.md = ..\.github\ISSUE_TEMPLATE\task.md
		..\.github\ISSUE_TEMPLATE\user_story.md = ..\.github\ISSUE_TEMPLATE\user_story.md
	EndProjectSection
EndProject

Project("{E53339B2-1760-4266-BCC7-CA923CBCF16C}") = "docker-compose", "docker-compose.dcproj", "{B9D2DE01-84DE-461F-998C-20B57E4AA021}"
EndProject
Project("{9A19103F-16F7-4668-BE54-9A1E7A4F7556}") = "AzureIoTHub.Portal.Server", "AzureIoTHub.Portal.Server\AzureIoTHub.Portal.Server.csproj", "{EF219BC4-0C53-4DE7-92D1-F970C6E56E71}"
EndProject
Project("{9A19103F-16F7-4668-BE54-9A1E7A4F7556}") = "AzureIoTHub.Portal.Client", "AzureIoTHub.Portal.Client\AzureIoTHub.Portal.Client.csproj", "{24B26D0B-F293-484E-8175-1CF69FBEE992}"
EndProject
Project("{9A19103F-16F7-4668-BE54-9A1E7A4F7556}") = "AzureIoTHub.Portal.Shared", "AzureIoTHub.Portal.Shared\AzureIoTHub.Portal.Shared.csproj", "{9F0A43D6-D7C2-4C92-AE22-BE48B7F83ACB}"
EndProject
Project("{9A19103F-16F7-4668-BE54-9A1E7A4F7556}") = "AzureIoTHub.Portal.Domain", "AzureIoTHub.Portal.Domain\AzureIoTHub.Portal.Domain.csproj", "{BC1E7AEF-393D-4771-8AD2-C0BE7E5C405F}"
EndProject
Project("{9A19103F-16F7-4668-BE54-9A1E7A4F7556}") = "AzureIoTHub.Portal.Infrastructure", "AzureIoTHub.Portal.Infrastructure\AzureIoTHub.Portal.Infrastructure.csproj", "{C0E587A8-607D-4746-8536-44AB34074522}"
EndProject
Project("{9A19103F-16F7-4668-BE54-9A1E7A4F7556}") = "AzureIoTHub.Portal.Tests.Unit", "AzureIoTHub.Portal.Tests.Unit\AzureIoTHub.Portal.Tests.Unit.csproj", "{51FD5B90-B422-47BF-83F2-516520CFB124}"
EndProject

Global
	GlobalSection(SolutionConfigurationPlatforms) = preSolution
		Debug|Any CPU = Debug|Any CPU
		Release|Any CPU = Release|Any CPU
	EndGlobalSection
	GlobalSection(ProjectConfigurationPlatforms) = postSolution
		{EF219BC4-0C53-4DE7-92D1-F970C6E56E71}.Debug|Any CPU.ActiveCfg = Debug|Any CPU
		{EF219BC4-0C53-4DE7-92D1-F970C6E56E71}.Debug|Any CPU.Build.0 = Debug|Any CPU
		{EF219BC4-0C53-4DE7-92D1-F970C6E56E71}.Release|Any CPU.ActiveCfg = Release|Any CPU
		{EF219BC4-0C53-4DE7-92D1-F970C6E56E71}.Release|Any CPU.Build.0 = Release|Any CPU
		{24B26D0B-F293-484E-8175-1CF69FBEE992}.Debug|Any CPU.ActiveCfg = Debug|Any CPU
		{24B26D0B-F293-484E-8175-1CF69FBEE992}.Debug|Any CPU.Build.0 = Debug|Any CPU
		{24B26D0B-F293-484E-8175-1CF69FBEE992}.Release|Any CPU.ActiveCfg = Release|Any CPU
		{24B26D0B-F293-484E-8175-1CF69FBEE992}.Release|Any CPU.Build.0 = Release|Any CPU
		{9F0A43D6-D7C2-4C92-AE22-BE48B7F83ACB}.Debug|Any CPU.ActiveCfg = Debug|Any CPU
		{9F0A43D6-D7C2-4C92-AE22-BE48B7F83ACB}.Debug|Any CPU.Build.0 = Debug|Any CPU
		{9F0A43D6-D7C2-4C92-AE22-BE48B7F83ACB}.Release|Any CPU.ActiveCfg = Release|Any CPU
		{9F0A43D6-D7C2-4C92-AE22-BE48B7F83ACB}.Release|Any CPU.Build.0 = Release|Any CPU
		{51FD5B90-B422-47BF-83F2-516520CFB124}.Debug|Any CPU.ActiveCfg = Debug|Any CPU
		{51FD5B90-B422-47BF-83F2-516520CFB124}.Debug|Any CPU.Build.0 = Debug|Any CPU
		{51FD5B90-B422-47BF-83F2-516520CFB124}.Release|Any CPU.ActiveCfg = Release|Any CPU
		{51FD5B90-B422-47BF-83F2-516520CFB124}.Release|Any CPU.Build.0 = Release|Any CPU
		{B9D2DE01-84DE-461F-998C-20B57E4AA021}.Debug|Any CPU.ActiveCfg = Debug|Any CPU
		{B9D2DE01-84DE-461F-998C-20B57E4AA021}.Debug|Any CPU.Build.0 = Debug|Any CPU
		{B9D2DE01-84DE-461F-998C-20B57E4AA021}.Release|Any CPU.ActiveCfg = Release|Any CPU
		{B9D2DE01-84DE-461F-998C-20B57E4AA021}.Release|Any CPU.Build.0 = Release|Any CPU
		{BC1E7AEF-393D-4771-8AD2-C0BE7E5C405F}.Debug|Any CPU.ActiveCfg = Debug|Any CPU
		{BC1E7AEF-393D-4771-8AD2-C0BE7E5C405F}.Debug|Any CPU.Build.0 = Debug|Any CPU
		{BC1E7AEF-393D-4771-8AD2-C0BE7E5C405F}.Release|Any CPU.ActiveCfg = Release|Any CPU
		{BC1E7AEF-393D-4771-8AD2-C0BE7E5C405F}.Release|Any CPU.Build.0 = Release|Any CPU
		{C0E587A8-607D-4746-8536-44AB34074522}.Debug|Any CPU.ActiveCfg = Debug|Any CPU
		{C0E587A8-607D-4746-8536-44AB34074522}.Debug|Any CPU.Build.0 = Debug|Any CPU
		{C0E587A8-607D-4746-8536-44AB34074522}.Release|Any CPU.ActiveCfg = Release|Any CPU
		{C0E587A8-607D-4746-8536-44AB34074522}.Release|Any CPU.Build.0 = Release|Any CPU
	EndGlobalSection
	GlobalSection(SolutionProperties) = preSolution
		HideSolutionNode = FALSE
	EndGlobalSection
	GlobalSection(NestedProjects) = preSolution
		{3CA153F4-1172-4AF5-B483-94200717AB5C} = {20EC2171-363D-4DDE-827F-F56D4FE9ADF3}
		{9EF190B3-41E2-48E1-BA4E-E129589DD250} = {3CA153F4-1172-4AF5-B483-94200717AB5C}
		{3F7A2982-4F0B-45F9-9FCA-923D5A7A1511} = {20EC2171-363D-4DDE-827F-F56D4FE9ADF3}
		{4B89F192-EA33-4121-9809-D99621C40F3B} = {3CA153F4-1172-4AF5-B483-94200717AB5C}
	EndGlobalSection
	GlobalSection(ExtensibilityGlobals) = postSolution
		SolutionGuid = {E03F3EEB-7B2B-4849-A581-4150BF29EC2B}
	EndGlobalSection
EndGlobal
